
Microsoft Visual Studio Solution File, Format Version 12.00
# Visual Studio 15
VisualStudioVersion = 15.0.28307.572
MinimumVisualStudioVersion = 10.0.40219.1
Project("{FAE04EC0-301F-11D3-BF4B-00C04F79EFBC}") = "Eticaret.Common", "Eticaret.Common\Eticaret.Common.csproj", "{CDEE1F74-6CE3-479E-8612-5B7E9AF4382C}"
EndProject
Project("{FAE04EC0-301F-11D3-BF4B-00C04F79EFBC}") = "ETicaret.Entity", "ETicaret.Entity\ETicaret.Entity.csproj", "{EC700486-B7AF-48A9-8A39-EE190540A45B}"
EndProject
Project("{FAE04EC0-301F-11D3-BF4B-00C04F79EFBC}") = "ETicaret.Repository", "ETicaret.Repository\ETicaret.Repository.csproj", "{3F0C0BAE-99D2-4DCD-BDF1-C285CC0FE228}"
EndProject
Project("{FAE04EC0-301F-11D3-BF4B-00C04F79EFBC}") = "ETicaret.MVC", "ETicaret.MVC\ETicaret.MVC.csproj", "{C0A27EDE-F576-4CDA-8A7D-F4C61267BC7B}"
EndProject
Global
	GlobalSection(SolutionConfigurationPlatforms) = preSolution
		Debug|Any CPU = Debug|Any CPU
		Release|Any CPU = Release|Any CPU
	EndGlobalSection
	GlobalSection(ProjectConfigurationPlatforms) = postSolution
		{CDEE1F74-6CE3-479E-8612-5B7E9AF4382C}.Debug|Any CPU.ActiveCfg = Debug|Any CPU
		{CDEE1F74-6CE3-479E-8612-5B7E9AF4382C}.Debug|Any CPU.Build.0 = Debug|Any CPU
		{CDEE1F74-6CE3-479E-8612-5B7E9AF4382C}.Release|Any CPU.ActiveCfg = Release|Any CPU
		{CDEE1F74-6CE3-479E-8612-5B7E9AF4382C}.Release|Any CPU.Build.0 = Release|Any CPU
		{EC700486-B7AF-48A9-8A39-EE190540A45B}.Debug|Any CPU.ActiveCfg = Debug|Any CPU
		{EC700486-B7AF-48A9-8A39-EE190540A45B}.Debug|Any CPU.Build.0 = Debug|Any CPU
		{EC700486-B7AF-48A9-8A39-EE190540A45B}.Release|Any CPU.ActiveCfg = Release|Any CPU
		{EC700486-B7AF-48A9-8A39-EE190540A45B}.Release|Any CPU.Build.0 = Release|Any CPU
		{3F0C0BAE-99D2-4DCD-BDF1-C285CC0FE228}.Debug|Any CPU.ActiveCfg = Debug|Any CPU
		{3F0C0BAE-99D2-4DCD-BDF1-C285CC0FE228}.Debug|Any CPU.Build.0 = Debug|Any CPU
		{3F0C0BAE-99D2-4DCD-BDF1-C285CC0FE228}.Release|Any CPU.ActiveCfg = Release|Any CPU
		{3F0C0BAE-99D2-4DCD-BDF1-C285CC0FE228}.Release|Any CPU.Build.0 = Release|Any CPU
		{C0A27EDE-F576-4CDA-8A7D-F4C61267BC7B}.Debug|Any CPU.ActiveCfg = Debug|Any CPU
		{C0A27EDE-F576-4CDA-8A7D-F4C61267BC7B}.Debug|Any CPU.Build.0 = Debug|Any CPU
		{C0A27EDE-F576-4CDA-8A7D-F4C61267BC7B}.Release|Any CPU.ActiveCfg = Release|Any CPU
		{C0A27EDE-F576-4CDA-8A7D-F4C61267BC7B}.Release|Any CPU.Build.0 = Release|Any CPU
	EndGlobalSection
	GlobalSection(SolutionProperties) = preSolution
		HideSolutionNode = FALSE
	EndGlobalSection
	GlobalSection(ExtensibilityGlobals) = postSolution
		SolutionGuid = {091CDA21-3CA6-4BE6-AD9B-47019A2771DD}
	EndGlobalSection
EndGlobal
